
Microsoft Visual Studio Solution File, Format Version 12.00
# Visual Studio 15
VisualStudioVersion = 15.0.27703.2035
MinimumVisualStudioVersion = 10.0.40219.1
Project("{E24C65DC-7377-472B-9ABA-BC803B73C61A}") = "CUED-InLabSprint2", "CUED-InLabSprint2\", "{2BEE892F-AE6D-48AC-AF3F-2976D656DAFD}"
	ProjectSection(WebsiteProperties) = preProject
		TargetFrameworkMoniker = ".NETFramework,Version%3Dv4.6.1"
		Debug.AspNetCompiler.VirtualPath = "/localhost_56900"
		Debug.AspNetCompiler.PhysicalPath = "CUED-InLabSprint2\"
		Debug.AspNetCompiler.TargetPath = "PrecompiledWeb\localhost_56900\"
		Debug.AspNetCompiler.Updateable = "true"
		Debug.AspNetCompiler.ForceOverwrite = "true"
		Debug.AspNetCompiler.FixedNames = "false"
		Debug.AspNetCompiler.Debug = "True"
		Release.AspNetCompiler.VirtualPath = "/localhost_56900"
		Release.AspNetCompiler.PhysicalPath = "CUED-InLabSprint2\"
		Release.AspNetCompiler.TargetPath = "PrecompiledWeb\localhost_56900\"
		Release.AspNetCompiler.Updateable = "true"
		Release.AspNetCompiler.ForceOverwrite = "true"
		Release.AspNetCompiler.FixedNames = "false"
		Release.AspNetCompiler.Debug = "False"
		VWDPort = "56900"
		SlnRelativePath = "CUED-InLabSprint2\"
		DefaultWebSiteLanguage = "Visual C#"
	EndProjectSection
EndProject
Global
	GlobalSection(SolutionConfigurationPlatforms) = preSolution
		Debug|Any CPU = Debug|Any CPU
	EndGlobalSection
	GlobalSection(ProjectConfigurationPlatforms) = postSolution
		{2BEE892F-AE6D-48AC-AF3F-2976D656DAFD}.Debug|Any CPU.ActiveCfg = Debug|Any CPU
		{2BEE892F-AE6D-48AC-AF3F-2976D656DAFD}.Debug|Any CPU.Build.0 = Debug|Any CPU
	EndGlobalSection
	GlobalSection(SolutionProperties) = preSolution
		HideSolutionNode = FALSE
	EndGlobalSection
	GlobalSection(ExtensibilityGlobals) = postSolution
		SolutionGuid = {FCA04BCE-AFB8-41E0-8D9A-0463429A9473}
	EndGlobalSection
EndGlobal
